
Microsoft Visual Studio Solution File, Format Version 12.00
# Visual Studio Version 17
VisualStudioVersion = 17.1.32407.343
MinimumVisualStudioVersion = 10.0.40219.1
Project("{FAE04EC0-301F-11D3-BF4B-00C04F79EFBC}") = "mantis-tests", "mantis-tests\mantis-tests.csproj", "{14E0BCC8-532B-474E-BB16-851DE5D10EE4}"
EndProject
Global
	GlobalSection(SolutionConfigurationPlatforms) = preSolution
		Debug|Any CPU = Debug|Any CPU
		Release|Any CPU = Release|Any CPU
	EndGlobalSection
	GlobalSection(ProjectConfigurationPlatforms) = postSolution
		{14E0BCC8-532B-474E-BB16-851DE5D10EE4}.Debug|Any CPU.ActiveCfg = Debug|Any CPU
		{14E0BCC8-532B-474E-BB16-851DE5D10EE4}.Debug|Any CPU.Build.0 = Debug|Any CPU
		{14E0BCC8-532B-474E-BB16-851DE5D10EE4}.Release|Any CPU.ActiveCfg = Release|Any CPU
		{14E0BCC8-532B-474E-BB16-851DE5D10EE4}.Release|Any CPU.Build.0 = Release|Any CPU
	EndGlobalSection
	GlobalSection(SolutionProperties) = preSolution
		HideSolutionNode = FALSE
	EndGlobalSection
	GlobalSection(ExtensibilityGlobals) = postSolution
		SolutionGuid = {559B029E-B144-4660-8B4F-F3BFF52BE4DF}
	EndGlobalSection
EndGlobal
